
Microsoft Visual Studio Solution File, Format Version 12.00
# Visual Studio 15
VisualStudioVersion = 15.0.26730.8
MinimumVisualStudioVersion = 10.0.40219.1
Project("{FAE04EC0-301F-11D3-BF4B-00C04F79EFBC}") = "WindowsFormsApp1", "WindowsFormsApp1\WindowsFormsApp1.csproj", "{DDFCC012-83CB-4A85-8C67-23C92C75FC43}"
EndProject
Global
	GlobalSection(SolutionConfigurationPlatforms) = preSolution
		Debug|Any CPU = Debug|Any CPU
		Release|Any CPU = Release|Any CPU
	EndGlobalSection
	GlobalSection(ProjectConfigurationPlatforms) = postSolution
		{DDFCC012-83CB-4A85-8C67-23C92C75FC43}.Debug|Any CPU.ActiveCfg = Debug|Any CPU
		{DDFCC012-83CB-4A85-8C67-23C92C75FC43}.Debug|Any CPU.Build.0 = Debug|Any CPU
		{DDFCC012-83CB-4A85-8C67-23C92C75FC43}.Release|Any CPU.ActiveCfg = Release|Any CPU
		{DDFCC012-83CB-4A85-8C67-23C92C75FC43}.Release|Any CPU.Build.0 = Release|Any CPU
	EndGlobalSection
	GlobalSection(SolutionProperties) = preSolution
		HideSolutionNode = FALSE
	EndGlobalSection
	GlobalSection(ExtensibilityGlobals) = postSolution
		SolutionGuid = {50BD6793-555F-4EF4-986A-05260103A98C}
	EndGlobalSection
EndGlobal
